%{
  "certifi": {:hex, :certifi, "2.5.1", "867ce347f7c7d78563450a18a6a28a8090331e77fa02380b4a21962a65d36ee5", [:rebar3], [{:parse_trans, "~>3.3", [hex: :parse_trans, repo: "hexpm", optional: false]}], "hexpm", "805abd97539caf89ec6d4732c91e62ba9da0cda51ac462380bbd28ee697a8c42"},
  "combine": {:hex, :combine, "0.10.0", "eff8224eeb56498a2af13011d142c5e7997a80c8f5b97c499f84c841032e429f", [:mix], [], "hexpm", "1b1dbc1790073076580d0d1d64e42eae2366583e7aecd455d1215b0d16f2451b"},
  "csv": {:hex, :csv, "2.3.1", "9ce11eff5a74a07baf3787b2b19dd798724d29a9c3a492a41df39f6af686da0e", [:mix], [{:parallel_stream, "~> 1.0.4", [hex: :parallel_stream, repo: "hexpm", optional: false]}], "hexpm", "86626e1c89a4ad9a96d0d9c638f9e88c2346b89b4ba1611988594ebe72b5d5ee"},
  "decimal": {:hex, :decimal, "1.1.2", "79a769d4657b2d537b51ef3c02d29ab7141d2b486b516c109642d453ee08e00c", [:mix], [], "hexpm", "7a6dfa1f4d389497acd7b807bf38c55022487c68b73d339d5114e3a691e006c5"},
  "earmark": {:hex, :earmark, "1.3.2", "b840562ea3d67795ffbb5bd88940b1bed0ed9fa32834915125ea7d02e35888a5", [:mix], [], "hexpm", "e3be2bc3ae67781db529b80aa7e7c49904a988596e2dbff897425b48b3581161"},
  "ecto": {:hex, :ecto, "1.1.9", "6f30e4662d540c794048e62a04926c1d3c892a2ba4704fe1e19d4a9b5b2f881e", [:mix], [{:decimal, "~> 1.0", [hex: :decimal, repo: "hexpm", optional: false]}, {:mariaex, "~> 0.5.0 or ~> 0.6.0", [hex: :mariaex, repo: "hexpm", optional: true]}, {:poison, "~> 1.0 or ~> 2.0", [hex: :poison, repo: "hexpm", optional: true]}, {:poolboy, "~> 1.4", [hex: :poolboy, repo: "hexpm", optional: false]}, {:postgrex, "~> 0.11.0", [hex: :postgrex, repo: "hexpm", optional: true]}, {:sbroker, "~> 0.7", [hex: :sbroker, repo: "hexpm", optional: true]}], "hexpm", "f8419edfd3fae6fb1917a449f6d70a4ce061d9fdc2ca91a4ff4643768d3abc88"},
  "erlzmq": {:git, "https://github.com/zeromq/erlzmq2.git", "573d583930c4b1134e504bec83926d188112b401", []},
  "esqlite": {:hex, :esqlite, "0.2.5", "cab6d87aeb5f33d848b9bb8a21129e9512ea608f930d4c63576942d8f7d72218", [:rebar3], [], "hexpm", "3dd1163c8807b24a05ec4d88fd0f1bb286a2640ed340898fd792e3a67bb70f10"},
  "ex_doc": {:hex, :ex_doc, "0.18.4", "4406b8891cecf1352f49975c6d554e62e4341ceb41b9338949077b0d4a97b949", [:mix], [{:earmark, "~> 1.1", [hex: :earmark, repo: "hexpm", optional: false]}], "hexpm", "9dbe1ce1d711dc5362e3b3280e92989ad61413ce423bc4e9f76d5fcc51ab8d6b"},
  "exalgebra": {:hex, :exalgebra, "0.0.5", "73c5a6991f8e51f3eea42a966bbdcaa71b332aa742689e1becbe08991fe6f6e6", [:mix], [], "hexpm", "b84a96ffb7a2dd0c497f176c2e9d0ef07c719f09702d71fb8a801a3f2db1ab50"},
  "exboost": {:hex, :exboost, "0.2.6", "59a5d4d968b6b60f4511f464ca12d0ccfaf1e252531e4da31d34b3a35381127c", [:make, :mix], [], "hexpm", "b9e5c7d144380dcea051816fae1a2d7c47d21e7e3812daa9283d023d5240b6e1"},
  "excoveralls": {:hex, :excoveralls, "0.11.1", "dd677fbdd49114fdbdbf445540ec735808250d56b011077798316505064edb2c", [:mix], [{:hackney, "~> 1.0", [hex: :hackney, repo: "hexpm", optional: false]}, {:jason, "~> 1.0", [hex: :jason, repo: "hexpm", optional: false]}], "hexpm", "493daf5a2dd92d022a1c29e7edcc30f1bce1ffe10fb3690fac63889346d3af2f"},
  "gettext": {:hex, :gettext, "0.16.1", "e2130b25eebcbe02bb343b119a07ae2c7e28bd4b146c4a154da2ffb2b3507af2", [:mix], [], "hexpm", "dd3a7ea5e3e87ee9df29452dd9560709b4c7cc8141537d0b070155038d92bdf1"},
  "gnuplot": {:hex, :gnuplot, "1.19.96", "8bdb733cd2d037593886c0962693f48d35baf62af193bdbb3395a0fbac17c2c5", [:mix], [], "hexpm", "8e5bfc0f77d5a173e8099c56f0a3b6e9c0bb68a340fed69be2d0a0846ba00b65"},
  "graphvix": {:hex, :graphvix, "1.0.0", "e1c2e8f2950c0ff43e64f1d3788d095ed7481b29cccaf63f80b2fdf751c6cdd3", [:mix], [], "hexpm", "87ea2fd6c464b434eeafc8bf6fd95d8371e24eac687ad0ef2b7929efd9076d64"},
  "hackney": {:hex, :hackney, "1.15.1", "9f8f471c844b8ce395f7b6d8398139e26ddca9ebc171a8b91342ee15a19963f4", [:rebar3], [{:certifi, "2.5.1", [hex: :certifi, repo: "hexpm", optional: false]}, {:idna, "6.0.0", [hex: :idna, repo: "hexpm", optional: false]}, {:metrics, "1.0.1", [hex: :metrics, repo: "hexpm", optional: false]}, {:mimerl, "~>1.1", [hex: :mimerl, repo: "hexpm", optional: false]}, {:ssl_verify_fun, "1.1.4", [hex: :ssl_verify_fun, repo: "hexpm", optional: false]}], "hexpm", "c2790c9f0f7205f4a362512192dee8179097394400e745e4d20bab7226a8eaad"},
  "idna": {:hex, :idna, "6.0.0", "689c46cbcdf3524c44d5f3dde8001f364cd7608a99556d8fbd8239a5798d4c10", [:rebar3], [{:unicode_util_compat, "0.4.1", [hex: :unicode_util_compat, repo: "hexpm", optional: false]}], "hexpm", "4bdd305eb64e18b0273864920695cb18d7a2021f31a11b9c5fbcd9a253f936e2"},
  "ielixir": {:git, "https://github.com/pprzetacznik/IElixir.git", "3d28737dfafb4f2f3cb3c2ed4f0185dd605d14cf", []},
  "jason": {:hex, :jason, "1.1.2", "b03dedea67a99223a2eaf9f1264ce37154564de899fd3d8b9a21b1a6fd64afe7", [:mix], [{:decimal, "~> 1.0", [hex: :decimal, repo: "hexpm", optional: true]}], "hexpm", "fdf843bca858203ae1de16da2ee206f53416bbda5dc8c9e78f43243de4bc3afe"},
  "makeup": {:hex, :makeup, "0.8.0", "9cf32aea71c7fe0a4b2e9246c2c4978f9070257e5c9ce6d4a28ec450a839b55f", [:mix], [{:nimble_parsec, "~> 0.5.0", [hex: :nimble_parsec, repo: "hexpm", optional: false]}], "hexpm"},
  "makeup_elixir": {:hex, :makeup_elixir, "0.13.0", "be7a477997dcac2e48a9d695ec730b2d22418292675c75aa2d34ba0909dcdeda", [:mix], [{:makeup, "~> 0.8", [hex: :makeup, repo: "hexpm", optional: false]}], "hexpm"},
  "metrics": {:hex, :metrics, "1.0.1", "25f094dea2cda98213cecc3aeff09e940299d950904393b2a29d191c346a8486", [:rebar3], [], "hexpm", "69b09adddc4f74a40716ae54d140f93beb0fb8978d8636eaded0c31b6f099f16"},
  "mimerl": {:hex, :mimerl, "1.2.0", "67e2d3f571088d5cfd3e550c383094b47159f3eee8ffa08e64106cdf5e981be3", [:rebar3], [], "hexpm", "f278585650aa581986264638ebf698f8bb19df297f66ad91b18910dfc6e19323"},
  "nimble_parsec": {:hex, :nimble_parsec, "0.5.0", "90e2eca3d0266e5c53f8fbe0079694740b9c91b6747f2b7e3c5d21966bba8300", [:mix], [], "hexpm"},
  "parallel_stream": {:hex, :parallel_stream, "1.0.6", "b967be2b23f0f6787fab7ed681b4c45a215a81481fb62b01a5b750fa8f30f76c", [:mix], [], "hexpm", "639b2e8749e11b87b9eb42f2ad325d161c170b39b288ac8d04c4f31f8f0823eb"},
  "parse_trans": {:hex, :parse_trans, "3.3.0", "09765507a3c7590a784615cfd421d101aec25098d50b89d7aa1d66646bc571c1", [:rebar3], [], "hexpm", "17ef63abde837ad30680ea7f857dd9e7ced9476cdd7b0394432af4bfc241b960"},
  "pipe": {:hex, :pipe, "0.0.2", "eff98a868b426745acef103081581093ff5c1b88100f8ff5949b4a30e81d0d9f", [:mix], [], "hexpm", "ad6d90981606bb04d040c0af49cf493417994214ce6e74ac572dc2ee67e2c064"},
  "poison": {:hex, :poison, "4.0.1", "bcb755a16fac91cad79bfe9fc3585bb07b9331e50cfe3420a24bcc2d735709ae", [:mix], [], "hexpm", "ba8836feea4b394bb718a161fc59a288fe0109b5006d6bdf97b6badfcf6f0f25"},
  "poolboy": {:hex, :poolboy, "1.5.2", "392b007a1693a64540cead79830443abf5762f5d30cf50bc95cb2c1aaafa006b", [:rebar3], [], "hexpm", "dad79704ce5440f3d5a3681c8590b9dc25d1a561e8f5a9c995281012860901e3"},
  "quickrand": {:hex, :quickrand, "1.7.5", "e3086a153eb13a057fc19192d05e2d4c6bb2bdbb55746a699beae9847ac17ca8", [:rebar3], [], "hexpm", "6a1da81fe098c0dfcfb55c5e35c20be430128e88bbfa03d18fcf9e0ee8e342d7"},
  "sqlite_ecto": {:hex, :sqlite_ecto, "1.1.0", "7a1b2c85670264d80d34bf2372ed8f3ae75ea97a2fdd5b791e35968b84e18a37", [:mix], [{:ecto, "~> 1.1", [hex: :ecto, repo: "hexpm", optional: false]}, {:poison, "~> 1.0", [hex: :poison, repo: "hexpm", optional: false]}, {:sqlitex, "~> 0.8", [hex: :sqlitex, repo: "hexpm", optional: false]}], "hexpm", "88951b424e909d8047f0d03c13418c321df9e94560ac30241d8b1f7e48f49201"},
  "sqlitex": {:hex, :sqlitex, "0.8.0", "e0013cc7b70723db22c2ac8d318fa434d062242075296499c4c76469b7c22e78", [:mix], [{:decimal, "~> 1.1.0", [hex: :decimal, repo: "hexpm", optional: false]}, {:esqlite, "~> 0.2.0", [hex: :esqlite, repo: "hexpm", optional: false]}, {:pipe, "~> 0.0.2", [hex: :pipe, repo: "hexpm", optional: false]}], "hexpm", "c1cf222a6885573354d90c20dc965422ce0ac230b1838288cbe96046964a4bb3"},
  "ssl_verify_fun": {:hex, :ssl_verify_fun, "1.1.4", "f0eafff810d2041e93f915ef59899c923f4568f4585904d010387ed74988e77b", [:make, :mix, :rebar3], [], "hexpm", "603561dc0fd62f4f2ea9b890f4e20e1a0d388746d6e20557cafb1b16950de88c"},
  "stream_data": {:hex, :stream_data, "0.4.3", "62aafd870caff0849a5057a7ec270fad0eb86889f4d433b937d996de99e3db25", [:mix], [], "hexpm", "7dafd5a801f0bc897f74fcd414651632b77ca367a7ae4568778191fc3bf3a19a"},
  "timex": {:hex, :timex, "3.5.0", "b0a23167da02d0fe4f1a4e104d1f929a00d348502b52432c05de875d0b9cffa5", [:mix], [{:combine, "~> 0.10", [hex: :combine, repo: "hexpm", optional: false]}, {:gettext, "~> 0.10", [hex: :gettext, repo: "hexpm", optional: false]}, {:tzdata, "~> 0.1.8 or ~> 0.5", [hex: :tzdata, repo: "hexpm", optional: false]}], "hexpm", "b8fd8c9fcfaef1fa9c415e0792e2e82783c7ec8a282dfceef7d48158d4cfb3e1"},
  "tzdata": {:hex, :tzdata, "0.5.20", "304b9e98a02840fb32a43ec111ffbe517863c8566eb04a061f1c4dbb90b4d84c", [:mix], [{:hackney, "~> 1.0", [hex: :hackney, repo: "hexpm", optional: false]}], "hexpm", "e91aa533aeeff51dcb0f279de494823389ade9eb5cee703fe5e3236f622adbf0"},
  "unicode_util_compat": {:hex, :unicode_util_compat, "0.4.1", "d869e4c68901dd9531385bb0c8c40444ebf624e60b6962d95952775cac5e90cd", [:rebar3], [], "hexpm", "1d1848c40487cdb0b30e8ed975e34e025860c02e419cb615d255849f3427439d"},
  "uuid": {:git, "https://github.com/okeuday/uuid.git", "7d669ffde5a5d6df508e43e9c3ac9e8eab8f6723", []},
}
